
Microsoft Visual Studio Solution File, Format Version 12.00
# Visual Studio 15
VisualStudioVersion = 15.0.28307.1082
MinimumVisualStudioVersion = 10.0.40219.1
Project("{9A19103F-16F7-4668-BE54-9A1E7A4F7556}") = "Parser", "ParserAPI\Parser.csproj", "{C25F9FA2-35CE-4B7D-B9F8-1011398EB7C2}"
EndProject
Project("{FAE04EC0-301F-11D3-BF4B-00C04F79EFBC}") = "API", "API\API.csproj", "{DA31D962-47EC-45E1-8C65-551A0AA32D7F}"
EndProject
Global
	GlobalSection(SolutionConfigurationPlatforms) = preSolution
		Debug|Any CPU = Debug|Any CPU
		Release|Any CPU = Release|Any CPU
	EndGlobalSection
	GlobalSection(ProjectConfigurationPlatforms) = postSolution
		{C25F9FA2-35CE-4B7D-B9F8-1011398EB7C2}.Debug|Any CPU.ActiveCfg = Debug|Any CPU
		{C25F9FA2-35CE-4B7D-B9F8-1011398EB7C2}.Debug|Any CPU.Build.0 = Debug|Any CPU
		{C25F9FA2-35CE-4B7D-B9F8-1011398EB7C2}.Release|Any CPU.ActiveCfg = Release|Any CPU
		{C25F9FA2-35CE-4B7D-B9F8-1011398EB7C2}.Release|Any CPU.Build.0 = Release|Any CPU
		{DA31D962-47EC-45E1-8C65-551A0AA32D7F}.Debug|Any CPU.ActiveCfg = Debug|Any CPU
		{DA31D962-47EC-45E1-8C65-551A0AA32D7F}.Debug|Any CPU.Build.0 = Debug|Any CPU
		{DA31D962-47EC-45E1-8C65-551A0AA32D7F}.Release|Any CPU.ActiveCfg = Release|Any CPU
		{DA31D962-47EC-45E1-8C65-551A0AA32D7F}.Release|Any CPU.Build.0 = Release|Any CPU
	EndGlobalSection
	GlobalSection(SolutionProperties) = preSolution
		HideSolutionNode = FALSE
	EndGlobalSection
	GlobalSection(ExtensibilityGlobals) = postSolution
		SolutionGuid = {7A7D3C54-078B-41C9-93C8-C0C4F4548C54}
	EndGlobalSection
EndGlobal
